
Microsoft Visual Studio Solution File, Format Version 12.00
# Visual Studio 15
VisualStudioVersion = 15.0.28010.2041
MinimumVisualStudioVersion = 10.0.40219.1
Project("{FAE04EC0-301F-11D3-BF4B-00C04F79EFBC}") = "assignment7", "assignment7\assignment7.csproj", "{F049C703-31A3-4686-93BB-93DABBC480B9}"
EndProject
Global
	GlobalSection(SolutionConfigurationPlatforms) = preSolution
		Debug|Any CPU = Debug|Any CPU
		Release|Any CPU = Release|Any CPU
	EndGlobalSection
	GlobalSection(ProjectConfigurationPlatforms) = postSolution
		{F049C703-31A3-4686-93BB-93DABBC480B9}.Debug|Any CPU.ActiveCfg = Debug|Any CPU
		{F049C703-31A3-4686-93BB-93DABBC480B9}.Debug|Any CPU.Build.0 = Debug|Any CPU
		{F049C703-31A3-4686-93BB-93DABBC480B9}.Release|Any CPU.ActiveCfg = Release|Any CPU
		{F049C703-31A3-4686-93BB-93DABBC480B9}.Release|Any CPU.Build.0 = Release|Any CPU
	EndGlobalSection
	GlobalSection(SolutionProperties) = preSolution
		HideSolutionNode = FALSE
	EndGlobalSection
	GlobalSection(ExtensibilityGlobals) = postSolution
		SolutionGuid = {F3BB121C-0A21-4C5E-A1C3-6A38684E7856}
	EndGlobalSection
EndGlobal
