
Microsoft Visual Studio Solution File, Format Version 12.00
# Visual Studio 15
VisualStudioVersion = 15.0.28010.2041
MinimumVisualStudioVersion = 10.0.40219.1
Project("{FAE04EC0-301F-11D3-BF4B-00C04F79EFBC}") = "assignment5", "assignment5\assignment5.csproj", "{8DA69308-69BA-4ADF-80D4-626ABBD6932A}"
EndProject
Global
	GlobalSection(SolutionConfigurationPlatforms) = preSolution
		Debug|Any CPU = Debug|Any CPU
		Release|Any CPU = Release|Any CPU
	EndGlobalSection
	GlobalSection(ProjectConfigurationPlatforms) = postSolution
		{8DA69308-69BA-4ADF-80D4-626ABBD6932A}.Debug|Any CPU.ActiveCfg = Debug|Any CPU
		{8DA69308-69BA-4ADF-80D4-626ABBD6932A}.Debug|Any CPU.Build.0 = Debug|Any CPU
		{8DA69308-69BA-4ADF-80D4-626ABBD6932A}.Release|Any CPU.ActiveCfg = Release|Any CPU
		{8DA69308-69BA-4ADF-80D4-626ABBD6932A}.Release|Any CPU.Build.0 = Release|Any CPU
	EndGlobalSection
	GlobalSection(SolutionProperties) = preSolution
		HideSolutionNode = FALSE
	EndGlobalSection
	GlobalSection(ExtensibilityGlobals) = postSolution
		SolutionGuid = {AB662C01-6833-4FFE-A62E-42FAAB647768}
	EndGlobalSection
EndGlobal
